github.com/aclements/go-moremath v0.0.0-20241023150245-c8bbc672ef66 h1:siNQlUMcFUDZWCOt0p+RHl7et5Nnwwyq/sFZmr4iG1I=
github.com/aclements/go-moremath v0.0.0-20241023150245-c8bbc672ef66/go.mod h1:FDw7qicTbJ1y1SZcNnOvym2BogPdC3lY9Z1iUM4MVhw=
golang.org/x/perf v0.0.0-20260709024250-82a0b07e230d h1:mDNWm9XMiduP5opv8zcdZJixEU5+yBIj1hefXe09kSY=
golang.org/x/perf v0.0.0-20260709024250-82a0b07e230d/go.mod h1:N6rE9oqNql+XyUUA7hIpm+CorIvF5RWMdE7+p0BiB5s=
